PODS:
  - connectivity_plus (0.0.1):
    - Flutter
    - ReachabilitySwift
  - contacts_service (0.2.2):
    - Flutter
  - device_info_plus (0.0.1):
    - Flutter
  - Flutter (1.0.0)
  - flutter_barcode_scanner (2.0.0):
    - Flutter
  - flutter_downloader (0.0.1):
    - Flutter
  - flutter_keyboard_visibility (0.0.1):
    - Flutter
  - fluttertoast (0.0.2):
    - Flutter
    - Toast
  - FMDB (2.7.5):
    - FMDB/standard (= 2.7.5)
  - FMDB/standard (2.7.5)
  - google_mlkit_commons (0.2.0):
    - Flutter
    - MLKitVision
  - google_mlkit_text_recognition (0.5.0):
    - Flutter
    - google_mlkit_commons
    - GoogleMLKit/TextRecognition (~> 3.2.0)
  - GoogleDataTransport (9.2.2):
    - GoogleUtilities/Environment (~> 7.7)
    - nanopb (< 2.30910.0, >= 2.30908.0)
    - PromisesObjC (< 3.0, >= 1.2)
  - GoogleMLKit/MLKitCore (3.2.0):
    - MLKitCommon (~> 8.0.0)
  - GoogleMLKit/TextRecognition (3.2.0):
    - GoogleMLKit/MLKitCore
    - MLKitTextRecognition (~> 1.4.0-beta6)
  - GoogleToolboxForMac/DebugUtils (2.3.2):
    - GoogleToolboxForMac/Defines (= 2.3.2)
  - GoogleToolboxForMac/Defines (2.3.2)
  - GoogleToolboxForMac/Logger (2.3.2):
    - GoogleToolboxForMac/Defines (= 2.3.2)
  - "GoogleToolboxForMac/NSData+zlib (2.3.2)":
    - GoogleToolboxForMac/Defines (= 2.3.2)
  - "GoogleToolboxForMac/NSDictionary+URLArguments (2.3.2)":
    - GoogleToolboxForMac/DebugUtils (= 2.3.2)
    - GoogleToolboxForMac/Defines (= 2.3.2)
    - "GoogleToolboxForMac/NSString+URLArguments (= 2.3.2)"
  - "GoogleToolboxForMac/NSString+URLArguments (2.3.2)"
  - GoogleUtilities/Environment (7.11.1):
    - PromisesObjC (< 3.0, >= 1.2)
  - GoogleUtilities/Logger (7.11.1):
    - GoogleUtilities/Environment
  - GoogleUtilities/UserDefaults (7.11.1):
    - GoogleUtilities/Logger
  - GoogleUtilitiesComponents (1.1.0):
    - GoogleUtilities/Logger
  - GTMSessionFetcher/Core (1.7.2)
  - image_cropper (0.0.4):
    - Flutter
    - TOCropViewController (~> 2.6.1)
  - image_picker_ios (0.0.1):
    - Flutter
  - local_auth_ios (0.0.1):
    - Flutter
  - MLImage (1.0.0-beta3)
  - MLKitCommon (8.0.0):
    - GoogleDataTransport (~> 9.0)
    - GoogleToolboxForMac/Logger (~> 2.1)
    - "GoogleToolboxForMac/NSData+zlib (~> 2.1)"
    - "GoogleToolboxForMac/NSDictionary+URLArguments (~> 2.1)"
    - GoogleUtilities/UserDefaults (~> 7.0)
    - GoogleUtilitiesComponents (~> 1.0)
    - GTMSessionFetcher/Core (~> 1.1)
    - Protobuf (~> 3.12)
  - MLKitTextRecognition (1.4.0-beta6):
    - MLKitCommon (~> 8.0)
    - MLKitTextRecognitionCommon (= 1.0.0-beta6)
    - MLKitVision (~> 4.2)
  - MLKitTextRecognitionCommon (1.0.0-beta6):
    - MLKitCommon (~> 8.0)
    - MLKitVision (~> 4.2)
  - MLKitVision (4.2.0):
    - GoogleToolboxForMac/Logger (~> 2.1)
    - "GoogleToolboxForMac/NSData+zlib (~> 2.1)"
    - GTMSessionFetcher/Core (~> 1.1)
    - MLImage (= 1.0.0-beta3)
    - MLKitCommon (~> 8.0)
    - Protobuf (~> 3.12)
  - modal_progress_hud_nsn (0.0.1):
    - Flutter
  - nanopb (2.30909.0):
    - nanopb/decode (= 2.30909.0)
    - nanopb/encode (= 2.30909.0)
  - nanopb/decode (2.30909.0)
  - nanopb/encode (2.30909.0)
  - nfc_manager (0.0.1):
    - Flutter
  - onesignal_flutter (3.5.1):
    - Flutter
    - OneSignalXCFramework (= 3.12.4)
  - OneSignalXCFramework (3.12.4):
    - OneSignalXCFramework/OneSignalCore (= 3.12.4)
    - OneSignalXCFramework/OneSignalExtension (= 3.12.4)
    - OneSignalXCFramework/OneSignalOutcomes (= 3.12.4)
  - OneSignalXCFramework/OneSignalCore (3.12.4)
  - OneSignalXCFramework/OneSignalExtension (3.12.4):
    - OneSignalXCFramework/OneSignalCore
    - OneSignalXCFramework/OneSignalOutcomes
  - OneSignalXCFramework/OneSignalOutcomes (3.12.4):
    - OneSignalXCFramework/OneSignalCore
  - open_file_plus (1.0.0):
    - Flutter
  - path_provider_foundation (0.0.1):
    - Flutter
    - FlutterMacOS
  - permission_handler_apple (9.0.4):
    - Flutter
  - PromisesObjC (2.2.0)
  - Protobuf (3.22.1)
  - ReachabilitySwift (5.0.0)
  - share_plus (0.0.1):
    - Flutter
  - shared_preferences_foundation (0.0.1):
    - Flutter
    - FlutterMacOS
  - smart_auth (0.0.1):
    - Flutter
  - sqflite (0.0.2):
    - Flutter
    - FMDB (>= 2.7.5)
  - Stripe (23.3.4):
    - StripeApplePay (= 23.3.4)
    - StripeCore (= 23.3.4)
    - StripePayments (= 23.3.4)
    - StripePaymentsUI (= 23.3.4)
    - StripeUICore (= 23.3.4)
  - stripe_ios (0.0.1):
    - Flutter
    - Stripe (~> 23.3.0)
    - StripeApplePay (~> 23.3.0)
    - StripeFinancialConnections (~> 23.3.0)
    - StripePayments (~> 23.3.0)
    - StripePaymentSheet (~> 23.3.0)
    - StripePaymentsUI (~> 23.3.0)
  - StripeApplePay (23.3.4):
    - StripeCore (= 23.3.4)
  - StripeCore (23.3.4)
  - StripeFinancialConnections (23.3.4):
    - StripeCore (= 23.3.4)
    - StripeUICore (= 23.3.4)
  - StripePayments (23.3.4):
    - StripeCore (= 23.3.4)
    - StripePayments/Stripe3DS2 (= 23.3.4)
  - StripePayments/Stripe3DS2 (23.3.4):
    - StripeCore (= 23.3.4)
  - StripePaymentSheet (23.3.4):
    - StripeApplePay (= 23.3.4)
    - StripeCore (= 23.3.4)
    - StripePayments (= 23.3.4)
    - StripePaymentsUI (= 23.3.4)
  - StripePaymentsUI (23.3.4):
    - StripeCore (= 23.3.4)
    - StripePayments (= 23.3.4)
    - StripeUICore (= 23.3.4)
  - StripeUICore (23.3.4):
    - StripeCore (= 23.3.4)
  - Toast (4.0.0)
  - TOCropViewController (2.6.1)
  - url_launcher_ios (0.0.1):
    - Flutter
  - webview_flutter_wkwebview (0.0.1):
    - Flutter

DEPENDENCIES:
  - connectivity_plus (from `.symlinks/plugins/connectivity_plus/ios`)
  - contacts_service (from `.symlinks/plugins/contacts_service/ios`)
  - device_info_plus (from `.symlinks/plugins/device_info_plus/ios`)
  - Flutter (from `Flutter`)
  - flutter_barcode_scanner (from `.symlinks/plugins/flutter_barcode_scanner/ios`)
  - flutter_downloader (from `.symlinks/plugins/flutter_downloader/ios`)
  - flutter_keyboard_visibility (from `.symlinks/plugins/flutter_keyboard_visibility/ios`)
  - fluttertoast (from `.symlinks/plugins/fluttertoast/ios`)
  - google_mlkit_commons (from `.symlinks/plugins/google_mlkit_commons/ios`)
  - google_mlkit_text_recognition (from `.symlinks/plugins/google_mlkit_text_recognition/ios`)
  - image_cropper (from `.symlinks/plugins/image_cropper/ios`)
  - image_picker_ios (from `.symlinks/plugins/image_picker_ios/ios`)
  - local_auth_ios (from `.symlinks/plugins/local_auth_ios/ios`)
  - modal_progress_hud_nsn (from `.symlinks/plugins/modal_progress_hud_nsn/ios`)
  - nfc_manager (from `.symlinks/plugins/nfc_manager/ios`)
  - onesignal_flutter (from `.symlinks/plugins/onesignal_flutter/ios`)
  - open_file_plus (from `.symlinks/plugins/open_file_plus/ios`)
  - path_provider_foundation (from `.symlinks/plugins/path_provider_foundation/ios`)
  - permission_handler_apple (from `.symlinks/plugins/permission_handler_apple/ios`)
  - share_plus (from `.symlinks/plugins/share_plus/ios`)
  - shared_preferences_foundation (from `.symlinks/plugins/shared_preferences_foundation/ios`)
  - smart_auth (from `.symlinks/plugins/smart_auth/ios`)
  - sqflite (from `.symlinks/plugins/sqflite/ios`)
  - stripe_ios (from `.symlinks/plugins/stripe_ios/ios`)
  - url_launcher_ios (from `.symlinks/plugins/url_launcher_ios/ios`)
  - webview_flutter_wkwebview (from `.symlinks/plugins/webview_flutter_wkwebview/ios`)

SPEC REPOS:
  trunk:
    - FMDB
    - GoogleDataTransport
    - GoogleMLKit
    - GoogleToolboxForMac
    - GoogleUtilities
    - GoogleUtilitiesComponents
    - GTMSessionFetcher
    - MLImage
    - MLKitCommon
    - MLKitTextRecognition
    - MLKitTextRecognitionCommon
    - MLKitVision
    - nanopb
    - OneSignalXCFramework
    - PromisesObjC
    - Protobuf
    - ReachabilitySwift
    - Stripe
    - StripeApplePay
    - StripeCore
    - StripeFinancialConnections
    - StripePayments
    - StripePaymentSheet
    - StripePaymentsUI
    - StripeUICore
    - Toast
    - TOCropViewController

EXTERNAL SOURCES:
  connectivity_plus:
    :path: ".symlinks/plugins/connectivity_plus/ios"
  contacts_service:
    :path: ".symlinks/plugins/contacts_service/ios"
  device_info_plus:
    :path: ".symlinks/plugins/device_info_plus/ios"
  Flutter:
    :path: Flutter
  flutter_barcode_scanner:
    :path: ".symlinks/plugins/flutter_barcode_scanner/ios"
  flutter_downloader:
    :path: ".symlinks/plugins/flutter_downloader/ios"
  flutter_keyboard_visibility:
    :path: ".symlinks/plugins/flutter_keyboard_visibility/ios"
  fluttertoast:
    :path: ".symlinks/plugins/fluttertoast/ios"
  google_mlkit_commons:
    :path: ".symlinks/plugins/google_mlkit_commons/ios"
  google_mlkit_text_recognition:
    :path: ".symlinks/plugins/google_mlkit_text_recognition/ios"
  image_cropper:
    :path: ".symlinks/plugins/image_cropper/ios"
  image_picker_ios:
    :path: ".symlinks/plugins/image_picker_ios/ios"
  local_auth_ios:
    :path: ".symlinks/plugins/local_auth_ios/ios"
  modal_progress_hud_nsn:
    :path: ".symlinks/plugins/modal_progress_hud_nsn/ios"
  nfc_manager:
    :path: ".symlinks/plugins/nfc_manager/ios"
  onesignal_flutter:
    :path: ".symlinks/plugins/onesignal_flutter/ios"
  open_file_plus:
    :path: ".symlinks/plugins/open_file_plus/ios"
  path_provider_foundation:
    :path: ".symlinks/plugins/path_provider_foundation/ios"
  permission_handler_apple:
    :path: ".symlinks/plugins/permission_handler_apple/ios"
  share_plus:
    :path: ".symlinks/plugins/share_plus/ios"
  shared_preferences_foundation:
    :path: ".symlinks/plugins/shared_preferences_foundation/ios"
  smart_auth:
    :path: ".symlinks/plugins/smart_auth/ios"
  sqflite:
    :path: ".symlinks/plugins/sqflite/ios"
  stripe_ios:
    :path: ".symlinks/plugins/stripe_ios/ios"
  url_launcher_ios:
    :path: ".symlinks/plugins/url_launcher_ios/ios"
  webview_flutter_wkwebview:
    :path: ".symlinks/plugins/webview_flutter_wkwebview/ios"

SPEC CHECKSUMS:
  connectivity_plus: 413a8857dd5d9f1c399a39130850d02fe0feaf7e
  contacts_service: 849e1f84281804c8bfbec1b4c3eedcb23c5d3eca
  device_info_plus: e5c5da33f982a436e103237c0c85f9031142abed
  Flutter: f04841e97a9d0b0a8025694d0796dd46242b2854
  flutter_barcode_scanner: 7a1144744c28dc0c57a8de7218ffe5ec59a9e4bf
  flutter_downloader: b7301ae057deadd4b1650dc7c05375f10ff12c39
  flutter_keyboard_visibility: 0339d06371254c3eb25eeb90ba8d17dca8f9c069
  fluttertoast: eb263d302cc92e04176c053d2385237e9f43fad0
  FMDB: 2ce00b547f966261cd18927a3ddb07cb6f3db82a
  google_mlkit_commons: e9070f57232c3a3e4bd42fdfa621bb1f4bb3e709
  google_mlkit_text_recognition: 9967360384e93b09686aca67fc9f13f9a957d770
  GoogleDataTransport: 8378d1fa8ac49753ea6ce70d65a7cb70ce5f66e6
  GoogleMLKit: 0017a6a8372e1a182139b9def4d89be5d87ca5a7
  GoogleToolboxForMac: 8bef7c7c5cf7291c687cf5354f39f9db6399ad34
  GoogleUtilities: 9aa0ad5a7bc171f8bae016300bfcfa3fb8425749
  GoogleUtilitiesComponents: 679b2c881db3b615a2777504623df6122dd20afe
  GTMSessionFetcher: 5595ec75acf5be50814f81e9189490412bad82ba
  image_cropper: 60c2789d1f1a78c873235d4319ca0c34a69f2d98
  image_picker_ios: 4a8aadfbb6dc30ad5141a2ce3832af9214a705b5
  local_auth_ios: c6cf091ded637a88f24f86a8875d8b0f526e2605
  MLImage: 489dfec109f21da8621b28d476401aaf7a0d4ff4
  MLKitCommon: f6da6c5659618c070b50a80db01248ebe2964175
  MLKitTextRecognition: f6fda8923564f6cebe2bb952a1adb0414e1d731b
  MLKitTextRecognitionCommon: 0c720ee45ffedb3a34f0e8b95764d2f57a108e71
  MLKitVision: 96c96571190b7f63eddf4a12068ce8a8689e0d2c
  modal_progress_hud_nsn: f6fb744cd060653d66ed8f325360ef3650eb2fde
  nanopb: b552cce312b6c8484180ef47159bc0f65a1f0431
  nfc_manager: d7da7cb781f7744b94df5fe9dbca904ac4a0939e
  onesignal_flutter: b8ac01bc3ebe47e798d7d775455c3a9b5b84f1c5
  OneSignalXCFramework: 087934ab0d4d7445fcf1c015c7c782359e26c020
  open_file_plus: 05737718530c14cf02868e3b7754d7fe4df76d8b
  path_provider_foundation: c68054786f1b4f3343858c1e1d0caaded73f0be9
  permission_handler_apple: 44366e37eaf29454a1e7b1b7d736c2cceaeb17ce
  PromisesObjC: 09985d6d70fbe7878040aa746d78236e6946d2ef
  Protobuf: d7f7c8329edf5eb8af65547a8ba3e9c1cee927d5
  ReachabilitySwift: 985039c6f7b23a1da463388634119492ff86c825
  share_plus: 056a1e8ac890df3e33cb503afffaf1e9b4fbae68
  shared_preferences_foundation: 986fc17f3d3251412d18b0265f9c64113a8c2472
  smart_auth: 4bedbc118723912d0e45a07e8ab34039c19e04f2
  sqflite: 6d358c025f5b867b29ed92fc697fd34924e11904
  Stripe: 7393b16fe555d4a68e6555044e7b57eff11ae547
  stripe_ios: f93762c5b513f456e82ac57cf7cab2aacc6ec7f7
  StripeApplePay: 174b09c0211134417e340c68af199a3dd34f3cd6
  StripeCore: babb08ec2b961f7cde8663dad3b4cbb77e0ae63b
  StripeFinancialConnections: 484096f2dc5d3c20cc24a5ad4d261953ba806ef0
  StripePayments: 71bf62ccdacefc4b68b46a02a7f2492aeba252b3
  StripePaymentSheet: 722ea7bea092c243d771122fe3572a9c84512704
  StripePaymentsUI: fd08081c4be73c16322dc76a1878140520a9df2e
  StripeUICore: ed68cbd5ad0626e0760e772f8c82d96cae9b829b
  Toast: 91b396c56ee72a5790816f40d3a94dd357abc196
  TOCropViewController: edfd4f25713d56905ad1e0b9f5be3fbe0f59c863
  url_launcher_ios: 08a3dfac5fb39e8759aeb0abbd5d9480f30fc8b4
  webview_flutter_wkwebview: 2e2d318f21a5e036e2c3f26171342e95908bd60a

PODFILE CHECKSUM: cc1f88378b4bfcf93a6ce00d2c587857c6008d3b

COCOAPODS: 1.11.3
